
Microsoft Visual Studio Solution File, Format Version 12.00
# Visual Studio Version 16
VisualStudioVersion = 16.0.29215.179
MinimumVisualStudioVersion = 10.0.40219.1
Project("{FAE04EC0-301F-11D3-BF4B-00C04F79EFBC}") = "DCH_CONVERT_POD", "DCH_CONVERT_POD.csproj", "{054E970F-E946-4353-85CC-651567C0F5F7}"
EndProject
Global
	GlobalSection(SolutionConfigurationPlatforms) = preSolution
		Debug|Any CPU = Debug|Any CPU
		Release|Any CPU = Release|Any CPU
	EndGlobalSection
	GlobalSection(ProjectConfigurationPlatforms) = postSolution
		{054E970F-E946-4353-85CC-651567C0F5F7}.Debug|Any CPU.ActiveCfg = Debug|Any CPU
		{054E970F-E946-4353-85CC-651567C0F5F7}.Debug|Any CPU.Build.0 = Debug|Any CPU
		{054E970F-E946-4353-85CC-651567C0F5F7}.Release|Any CPU.ActiveCfg = Release|Any CPU
		{054E970F-E946-4353-85CC-651567C0F5F7}.Release|Any CPU.Build.0 = Release|Any CPU
	EndGlobalSection
	GlobalSection(SolutionProperties) = preSolution
		HideSolutionNode = FALSE
	EndGlobalSection
	GlobalSection(ExtensibilityGlobals) = postSolution
		SolutionGuid = {89972179-38A1-4121-A9EE-9A718F424297}
	EndGlobalSection
EndGlobal
